
Microsoft Visual Studio Solution File, Format Version 12.00
# Visual Studio Version 17
VisualStudioVersion = 17.3.32825.248
MinimumVisualStudioVersion = 10.0.40219.1
Project("{FAE04EC0-301F-11D3-BF4B-00C04F79EFBC}") = "Aula1_Desafio_CriandoClasses", "Aula1_Desafio_CriandoClasses\Aula1_Desafio_CriandoClasses.csproj", "{7E7151CA-C5B5-4A9D-9F1E-5770D603232E}"
EndProject
Project("{FAE04EC0-301F-11D3-BF4B-00C04F79EFBC}") = "Aula1_Desafio_Classes_Heranca", "Aula1_Desafio_Classes_Heranca\Aula1_Desafio_Classes_Heranca.csproj", "{28A9E744-77F8-4A33-8AE5-D71F8D7ADB00}"
EndProject
Global
	GlobalSection(SolutionConfigurationPlatforms) = preSolution
		Debug|Any CPU = Debug|Any CPU
		Release|Any CPU = Release|Any CPU
	EndGlobalSection
	GlobalSection(ProjectConfigurationPlatforms) = postSolution
		{7E7151CA-C5B5-4A9D-9F1E-5770D603232E}.Debug|Any CPU.ActiveCfg = Debug|Any CPU
		{7E7151CA-C5B5-4A9D-9F1E-5770D603232E}.Debug|Any CPU.Build.0 = Debug|Any CPU
		{7E7151CA-C5B5-4A9D-9F1E-5770D603232E}.Release|Any CPU.ActiveCfg = Release|Any CPU
		{7E7151CA-C5B5-4A9D-9F1E-5770D603232E}.Release|Any CPU.Build.0 = Release|Any CPU
		{28A9E744-77F8-4A33-8AE5-D71F8D7ADB00}.Debug|Any CPU.ActiveCfg = Debug|Any CPU
		{28A9E744-77F8-4A33-8AE5-D71F8D7ADB00}.Debug|Any CPU.Build.0 = Debug|Any CPU
		{28A9E744-77F8-4A33-8AE5-D71F8D7ADB00}.Release|Any CPU.ActiveCfg = Release|Any CPU
		{28A9E744-77F8-4A33-8AE5-D71F8D7ADB00}.Release|Any CPU.Build.0 = Release|Any CPU
	EndGlobalSection
	GlobalSection(SolutionProperties) = preSolution
		HideSolutionNode = FALSE
	EndGlobalSection
	GlobalSection(ExtensibilityGlobals) = postSolution
		SolutionGuid = {589D54AD-C39D-420D-93C4-23944EA1DD8C}
	EndGlobalSection
EndGlobal
